<?xml version="1.0" encoding="utf-8"?>
<Project ToolsVersion="4.0" xmlns="http://schemas.microsoft.com/developer/msbuild/2003">
  <ItemGroup>
    <Filter Include="include">
      <UniqueIdentifier>{89AF369E-F58E-B539-FEA6-40106A051C9B}</UniqueIdentifier>
    </Filter>
    <Filter Include="include\NeoVoxel">
      <UniqueIdentifier>{A890B424-9489-D376-BDBB-B8FBA913B382}</UniqueIdentifier>
    </Filter>
    <Filter Include="include\NeoVoxel\Core">
      <UniqueIdentifier>{005E6AA7-6CCA-25A2-35BE-BDFFA1E9470A}</UniqueIdentifier>
    </Filter>
    <Filter Include="include\NeoVoxel\Core\Event">
      <UniqueIdentifier>{515FFE63-BD6C-2C4A-4653-2835B25FF800}</UniqueIdentifier>
    </Filter>
    <Filter Include="include\NeoVoxel\Debug">
      <UniqueIdentifier>{1E79C294-0A73-EBE6-F3DF-81F7DF785153}</UniqueIdentifier>
    </Filter>
    <Filter Include="include\NeoVoxel\Graphics">
      <UniqueIdentifier>{E895B962-5458-EDEC-9D08-7C79090AC6CA}</UniqueIdentifier>
    </Filter>
    <Filter Include="include\NeoVoxel\Layer">
      <UniqueIdentifier>{746B5195-6065-7AE7-49D2-10F8356BE053}</UniqueIdentifier>
    </Filter>
    <Filter Include="src">
      <UniqueIdentifier>{2DAB880B-99B4-887C-2230-9F7C8E38947C}</UniqueIdentifier>
    </Filter>
    <Filter Include="src\NeoVoxel">
      <UniqueIdentifier>{CCE43510-B847-C5B4-61CD-FD6A4D0F9137}</UniqueIdentifier>
    </Filter>
    <Filter Include="src\NeoVoxel\Core">
      <UniqueIdentifier>{A4E8D930-10FF-D7C6-5976-63E8C5CBA84E}</UniqueIdentifier>
    </Filter>
    <Filter Include="src\NeoVoxel\Core\Event">
      <UniqueIdentifier>{F554BC39-618C-04D1-6A96-68F4D64C2BCA}</UniqueIdentifier>
    </Filter>
    <Filter Include="src\NeoVoxel\Debug">
      <UniqueIdentifier>{4258234C-2E3C-E4A1-979C-DEF4839FCE23}</UniqueIdentifier>
    </Filter>
    <Filter Include="src\NeoVoxel\Graphics">
      <UniqueIdentifier>{8CD275D8-F83E-31D3-C132-C9302D5E533B}</UniqueIdentifier>
    </Filter>
    <Filter Include="src\NeoVoxel\Layer">
      <UniqueIdentifier>{984AB24C-842E-73A2-ED8E-6DF5D9915D24}</UniqueIdentifier>
    </Filter>
    <Filter Include="src\NeoVoxel\Platform">
      <UniqueIdentifier>{A0463059-0CB3-EB53-D5A6-83B141D20DBC}</UniqueIdentifier>
    </Filter>
    <Filter Include="src\NeoVoxel\Platform\Common">
      <UniqueIdentifier>{D89FDB92-C45A-CB3E-6D12-448959AC15CF}</UniqueIdentifier>
    </Filter>
    <Filter Include="src\NeoVoxel\Platform\Desktop">
      <UniqueIdentifier>{69D16124-D5E9-484E-9E96-D8E70A6EDDE7}</UniqueIdentifier>
    </Filter>
    <Filter Include="src\NeoVoxel\Platform\OpenGL">
      <UniqueIdentifier>{D43BE7AE-C0F6-D65A-69AE-4FA5554821EB}</UniqueIdentifier>
    </Filter>
  </ItemGroup>
  <ItemGroup>
    <ClInclude Include="include\NeoVoxel.h">
      <Filter>include</Filter>
    </ClInclude>
    <ClInclude Include="include\NeoVoxel\Application.h">
      <Filter>include\NeoVoxel</Filter>
    </ClInclude>
    <ClInclude Include="include\NeoVoxel\Core\Asset.h">
      <Filter>include\NeoVoxel\Core</Filter>
    </ClInclude>
    <ClInclude Include="include\NeoVoxel\Core\Base.h">
      <Filter>include\NeoVoxel\Core</Filter>
    </ClInclude>
    <ClInclude Include="include\NeoVoxel\Core\Event.h">
      <Filter>include\NeoVoxel\Core</Filter>
    </ClInclude>
    <ClInclude Include="include\NeoVoxel\Core\Event\CursorPositionEvent.h">
      <Filter>include\NeoVoxel\Core\Event</Filter>
    </ClInclude>
    <ClInclude Include="include\NeoVoxel\Core\Event\KeyEvent.h">
      <Filter>include\NeoVoxel\Core\Event</Filter>
    </ClInclude>
    <ClInclude Include="include\NeoVoxel\Core\Event\MouseButtonEvent.h">
      <Filter>include\NeoVoxel\Core\Event</Filter>
    </ClInclude>
    <ClInclude Include="include\NeoVoxel\Core\Event\WindowCloseEvent.h">
      <Filter>include\NeoVoxel\Core\Event</Filter>
    </ClInclude>
    <ClInclude Include="include\NeoVoxel\Core\Event\WindowFocusEvent.h">
      <Filter>include\NeoVoxel\Core\Event</Filter>
    </ClInclude>
    <ClInclude Include="include\NeoVoxel\Core\Event\WindowSizeEvent.h">
      <Filter>include\NeoVoxel\Core\Event</Filter>
    </ClInclude>
    <ClInclude Include="include\NeoVoxel\Core\Input.h">
      <Filter>include\NeoVoxel\Core</Filter>
    </ClInclude>
    <ClInclude Include="include\NeoVoxel\Core\Key.h">
      <Filter>include\NeoVoxel\Core</Filter>
    </ClInclude>
    <ClInclude Include="include\NeoVoxel\Core\Time.h">
      <Filter>include\NeoVoxel\Core</Filter>
    </ClInclude>
    <ClInclude Include="include\NeoVoxel\Core\Window.h">
      <Filter>include\NeoVoxel\Core</Filter>
    </ClInclude>
    <ClInclude Include="include\NeoVoxel\Debug\Log.h">
      <Filter>include\NeoVoxel\Debug</Filter>
    </ClInclude>
    <ClInclude Include="include\NeoVoxel\Debug\Profile.h">
      <Filter>include\NeoVoxel\Debug</Filter>
    </ClInclude>
    <ClInclude Include="include\NeoVoxel\Entrypoint.h">
      <Filter>include\NeoVoxel</Filter>
    </ClInclude>
    <ClInclude Include="include\NeoVoxel\Graphics\ArrayBuffer.h">
      <Filter>include\NeoVoxel\Graphics</Filter>
    </ClInclude>
    <ClInclude Include="include\NeoVoxel\Graphics\Camera2D.h">
      <Filter>include\NeoVoxel\Graphics</Filter>
    </ClInclude>
    <ClInclude Include="include\NeoVoxel\Graphics\GraphicsApi.h">
      <Filter>include\NeoVoxel\Graphics</Filter>
    </ClInclude>
    <ClInclude Include="include\NeoVoxel\Graphics\Shader.h">
      <Filter>include\NeoVoxel\Graphics</Filter>
    </ClInclude>
    <ClInclude Include="include\NeoVoxel\Graphics\Texture.h">
      <Filter>include\NeoVoxel\Graphics</Filter>
    </ClInclude>
    <ClInclude Include="include\NeoVoxel\Layer.h">
      <Filter>include\NeoVoxel</Filter>
    </ClInclude>
    <ClInclude Include="include\NeoVoxel\Layer\EventListenerLayer.h">
      <Filter>include\NeoVoxel\Layer</Filter>
    </ClInclude>
    <ClInclude Include="include\PCH.h">
      <Filter>include</Filter>
    </ClInclude>
    <ClInclude Include="src\NeoVoxel\Platform\Common\BaseLayer.h">
      <Filter>src\NeoVoxel\Platform\Common</Filter>
    </ClInclude>
    <ClInclude Include="src\NeoVoxel\Platform\Desktop\FramerateLimiter.h">
      <Filter>src\NeoVoxel\Platform\Desktop</Filter>
    </ClInclude>
    <ClInclude Include="src\NeoVoxel\Platform\Desktop\GlfwInput.h">
      <Filter>src\NeoVoxel\Platform\Desktop</Filter>
    </ClInclude>
    <ClInclude Include="src\NeoVoxel\Platform\Desktop\GlfwWindow.h">
      <Filter>src\NeoVoxel\Platform\Desktop</Filter>
    </ClInclude>
    <ClInclude Include="src\NeoVoxel\Platform\OpenGL\OpenGLArrayBuffer.h">
      <Filter>src\NeoVoxel\Platform\OpenGL</Filter>
    </ClInclude>
    <ClInclude Include="src\NeoVoxel\Platform\OpenGL\OpenGLErrorManagement.h">
      <Filter>src\NeoVoxel\Platform\OpenGL</Filter>
    </ClInclude>
    <ClInclude Include="src\NeoVoxel\Platform\OpenGL\OpenGLGraphicsApi.h">
      <Filter>src\NeoVoxel\Platform\OpenGL</Filter>
    </ClInclude>
    <ClInclude Include="src\NeoVoxel\Platform\OpenGL\OpenGLMemoryProfile.h">
      <Filter>src\NeoVoxel\Platform\OpenGL</Filter>
    </ClInclude>
    <ClInclude Include="src\NeoVoxel\Platform\OpenGL\OpenGLShader.h">
      <Filter>src\NeoVoxel\Platform\OpenGL</Filter>
    </ClInclude>
    <ClInclude Include="src\NeoVoxel\Platform\OpenGL\OpenGLTexture.h">
      <Filter>src\NeoVoxel\Platform\OpenGL</Filter>
    </ClInclude>
    <ClInclude Include="include\NeoVoxel\Graphics\Projection.h" />
    <ClInclude Include="include\NeoVoxel\Graphics\Projection\OrthographicProjection.h" />
    <ClInclude Include="include\NeoVoxel\Graphics\Transform2D.h" />
    <ClInclude Include="include\NeoVoxel\Graphics\Framebuffer.h" />
    <ClInclude Include="src\NeoVoxel\Platform\OpenGL\OpenGLFramebuffer.h" />
    <ClInclude Include="include\NeoVoxel\Graphics\Camera3D.h" />
    <ClInclude Include="include\NeoVoxel\Graphics\Transform3D.h" />
    <ClInclude Include="include\NeoVoxel\Graphics\Projection\PerspectiveProjection.h" />
    <ClInclude Include="include\NeoVoxel\Graphics\Material.h" />
    <ClInclude Include="include\NeoVoxel\Graphics\Material\BasicTexturizedMaterial.h" />
    <ClInclude Include="include\NeoVoxel\Graphics\QuadBatch.h" />
    <ClInclude Include="include\NeoVoxel\Graphics\Renderer.h" />
    <ClInclude Include="include\NeoVoxel\Graphics\QuadBatch\DefaultQuadBatch.h" />
  </ItemGroup>
  <ItemGroup>
    <ClCompile Include="src\NeoVoxel\Application.cpp">
      <Filter>src\NeoVoxel</Filter>
    </ClCompile>
    <ClCompile Include="src\NeoVoxel\Core\Asset.cpp">
      <Filter>src\NeoVoxel\Core</Filter>
    </ClCompile>
    <ClCompile Include="src\NeoVoxel\Core\Event.cpp">
      <Filter>src\NeoVoxel\Core</Filter>
    </ClCompile>
    <ClCompile Include="src\NeoVoxel\Core\Event\CursorPositionEvent.cpp">
      <Filter>src\NeoVoxel\Core\Event</Filter>
    </ClCompile>
    <ClCompile Include="src\NeoVoxel\Core\Event\KeyEvent.cpp">
      <Filter>src\NeoVoxel\Core\Event</Filter>
    </ClCompile>
    <ClCompile Include="src\NeoVoxel\Core\Event\MouseButtonEvent.cpp">
      <Filter>src\NeoVoxel\Core\Event</Filter>
    </ClCompile>
    <ClCompile Include="src\NeoVoxel\Core\Event\WindowCloseEvent.cpp">
      <Filter>src\NeoVoxel\Core\Event</Filter>
    </ClCompile>
    <ClCompile Include="src\NeoVoxel\Core\Event\WindowFocusEvent.cpp">
      <Filter>src\NeoVoxel\Core\Event</Filter>
    </ClCompile>
    <ClCompile Include="src\NeoVoxel\Core\Event\WindowSizeEvent.cpp">
      <Filter>src\NeoVoxel\Core\Event</Filter>
    </ClCompile>
    <ClCompile Include="src\NeoVoxel\Core\Input.cpp">
      <Filter>src\NeoVoxel\Core</Filter>
    </ClCompile>
    <ClCompile Include="src\NeoVoxel\Core\Time.cpp">
      <Filter>src\NeoVoxel\Core</Filter>
    </ClCompile>
    <ClCompile Include="src\NeoVoxel\Core\Window.cpp">
      <Filter>src\NeoVoxel\Core</Filter>
    </ClCompile>
    <ClCompile Include="src\NeoVoxel\Debug\Profile.cpp">
      <Filter>src\NeoVoxel\Debug</Filter>
    </ClCompile>
    <ClCompile Include="src\NeoVoxel\Graphics\ArrayBuffer.cpp">
      <Filter>src\NeoVoxel\Graphics</Filter>
    </ClCompile>
    <ClCompile Include="src\NeoVoxel\Graphics\Camera2D.cpp">
      <Filter>src\NeoVoxel\Graphics</Filter>
    </ClCompile>
    <ClCompile Include="src\NeoVoxel\Graphics\GraphicsApi.cpp">
      <Filter>src\NeoVoxel\Graphics</Filter>
    </ClCompile>
    <ClCompile Include="src\NeoVoxel\Graphics\Shader.cpp">
      <Filter>src\NeoVoxel\Graphics</Filter>
    </ClCompile>
    <ClCompile Include="src\NeoVoxel\Graphics\Texture.cpp">
      <Filter>src\NeoVoxel\Graphics</Filter>
    </ClCompile>
    <ClCompile Include="src\NeoVoxel\Layer.cpp">
      <Filter>src\NeoVoxel</Filter>
    </ClCompile>
    <ClCompile Include="src\NeoVoxel\Layer\EventListenerLayer.cpp">
      <Filter>src\NeoVoxel\Layer</Filter>
    </ClCompile>
    <ClCompile Include="src\NeoVoxel\Platform\Common\BaseLayer.cpp">
      <Filter>src\NeoVoxel\Platform\Common</Filter>
    </ClCompile>
    <ClCompile Include="src\NeoVoxel\Platform\Desktop\FramerateLimiter.cpp">
      <Filter>src\NeoVoxel\Platform\Desktop</Filter>
    </ClCompile>
    <ClCompile Include="src\NeoVoxel\Platform\Desktop\GlfwInput.cpp">
      <Filter>src\NeoVoxel\Platform\Desktop</Filter>
    </ClCompile>
    <ClCompile Include="src\NeoVoxel\Platform\Desktop\GlfwWindow.cpp">
      <Filter>src\NeoVoxel\Platform\Desktop</Filter>
    </ClCompile>
    <ClCompile Include="src\NeoVoxel\Platform\OpenGL\OpenGLArrayBuffer.cpp">
      <Filter>src\NeoVoxel\Platform\OpenGL</Filter>
    </ClCompile>
    <ClCompile Include="src\NeoVoxel\Platform\OpenGL\OpenGLGraphicsApi.cpp">
      <Filter>src\NeoVoxel\Platform\OpenGL</Filter>
    </ClCompile>
    <ClCompile Include="src\NeoVoxel\Platform\OpenGL\OpenGLShader.cpp">
      <Filter>src\NeoVoxel\Platform\OpenGL</Filter>
    </ClCompile>
    <ClCompile Include="src\NeoVoxel\Platform\OpenGL\OpenGLTexture.cpp">
      <Filter>src\NeoVoxel\Platform\OpenGL</Filter>
    </ClCompile>
    <ClCompile Include="src\PCH.cpp">
      <Filter>src</Filter>
    </ClCompile>
    <ClCompile Include="src\NeoVoxel\Graphics\Projection\OrthographicProjection.cpp" />
    <ClCompile Include="src\NeoVoxel\Graphics\Transform2D.cpp" />
    <ClCompile Include="src\NeoVoxel\Graphics\Framebuffer.cpp" />
    <ClCompile Include="src\NeoVoxel\Platform\OpenGL\OpenGLFramebuffer.cpp" />
    <ClCompile Include="src\NeoVoxel\Graphics\Camera3D.cpp" />
    <ClCompile Include="src\NeoVoxel\Graphics\Transform3D.cpp" />
    <ClCompile Include="src\NeoVoxel\Graphics\Projection\PerspectiveProjection.cpp" />
    <ClCompile Include="src\NeoVoxel\Graphics\Material.cpp" />
    <ClCompile Include="src\NeoVoxel\Graphics\Material\BasicTexturizedMaterial.cpp" />
    <ClCompile Include="src\NeoVoxel\Graphics\QuadBatch.cpp" />
    <ClCompile Include="src\NeoVoxel\Graphics\Renderer.cpp" />
    <ClCompile Include="src\NeoVoxel\Graphics\QuadBatch\DefaultQuadBatch.cpp" />
  </ItemGroup>
</Project>