<?xml version="1.0" encoding="utf-8"?>
<Project ToolsVersion="4.0" xmlns="http://schemas.microsoft.com/developer/msbuild/2003">
  <ItemGroup>
    <Filter Include="include">
      <UniqueIdentifier>{89AF369E-F58E-B539-FEA6-40106A051C9B}</UniqueIdentifier>
    </Filter>
    <Filter Include="include\NeoVoxel">
      <UniqueIdentifier>{A890B424-9489-D376-BDBB-B8FBA913B382}</UniqueIdentifier>
    </Filter>
    <Filter Include="include\NeoVoxel\Core">
      <UniqueIdentifier>{005E6AA7-6CCA-25A2-35BE-BDFFA1E9470A}</UniqueIdentifier>
    </Filter>
    <Filter Include="include\NeoVoxel\Core\Event">
      <UniqueIdentifier>{515FFE63-BD6C-2C4A-4653-2835B25FF800}</UniqueIdentifier>
    </Filter>
    <Filter Include="include\NeoVoxel\Debug">
      <UniqueIdentifier>{1E79C294-0A73-EBE6-F3DF-81F7DF785153}</UniqueIdentifier>
    </Filter>
    <Filter Include="src">
      <UniqueIdentifier>{2DAB880B-99B4-887C-2230-9F7C8E38947C}</UniqueIdentifier>
    </Filter>
    <Filter Include="src\NeoVoxel">
      <UniqueIdentifier>{CCE43510-B847-C5B4-61CD-FD6A4D0F9137}</UniqueIdentifier>
    </Filter>
    <Filter Include="src\NeoVoxel\Core">
      <UniqueIdentifier>{A4E8D930-10FF-D7C6-5976-63E8C5CBA84E}</UniqueIdentifier>
    </Filter>
    <Filter Include="src\NeoVoxel\Core\Event">
      <UniqueIdentifier>{F554BC39-618C-04D1-6A96-68F4D64C2BCA}</UniqueIdentifier>
    </Filter>
    <Filter Include="src\NeoVoxel\Platform">
      <UniqueIdentifier>{A0463059-0CB3-EB53-D5A6-83B141D20DBC}</UniqueIdentifier>
    </Filter>
    <Filter Include="src\NeoVoxel\Platform\Desktop">
      <UniqueIdentifier>{69D16124-D5E9-484E-9E96-D8E70A6EDDE7}</UniqueIdentifier>
    </Filter>
  </ItemGroup>
  <ItemGroup>
    <ClInclude Include="include\NeoVoxel.h">
      <Filter>include</Filter>
    </ClInclude>
    <ClInclude Include="include\NeoVoxel\Application.h">
      <Filter>include\NeoVoxel</Filter>
    </ClInclude>
    <ClInclude Include="include\NeoVoxel\Core\Base.h">
      <Filter>include\NeoVoxel\Core</Filter>
    </ClInclude>
    <ClInclude Include="include\NeoVoxel\Core\Event.h">
      <Filter>include\NeoVoxel\Core</Filter>
    </ClInclude>
    <ClInclude Include="include\NeoVoxel\Core\Event\CursorPositionEvent.h">
      <Filter>include\NeoVoxel\Core\Event</Filter>
    </ClInclude>
    <ClInclude Include="include\NeoVoxel\Core\Event\KeyEvent.h">
      <Filter>include\NeoVoxel\Core\Event</Filter>
    </ClInclude>
    <ClInclude Include="include\NeoVoxel\Core\Event\MouseButtonEvent.h">
      <Filter>include\NeoVoxel\Core\Event</Filter>
    </ClInclude>
    <ClInclude Include="include\NeoVoxel\Core\Event\WindowCloseEvent.h">
      <Filter>include\NeoVoxel\Core\Event</Filter>
    </ClInclude>
    <ClInclude Include="include\NeoVoxel\Core\Event\WindowFocusEvent.h">
      <Filter>include\NeoVoxel\Core\Event</Filter>
    </ClInclude>
    <ClInclude Include="include\NeoVoxel\Core\Event\WindowSizeEvent.h">
      <Filter>include\NeoVoxel\Core\Event</Filter>
    </ClInclude>
    <ClInclude Include="include\NeoVoxel\Core\Input.h">
      <Filter>include\NeoVoxel\Core</Filter>
    </ClInclude>
    <ClInclude Include="include\NeoVoxel\Core\Key.h">
      <Filter>include\NeoVoxel\Core</Filter>
    </ClInclude>
    <ClInclude Include="include\NeoVoxel\Core\Time.h">
      <Filter>include\NeoVoxel\Core</Filter>
    </ClInclude>
    <ClInclude Include="include\NeoVoxel\Core\Window.h">
      <Filter>include\NeoVoxel\Core</Filter>
    </ClInclude>
    <ClInclude Include="include\NeoVoxel\Debug\Log.h">
      <Filter>include\NeoVoxel\Debug</Filter>
    </ClInclude>
    <ClInclude Include="include\NeoVoxel\Entrypoint.h">
      <Filter>include\NeoVoxel</Filter>
    </ClInclude>
    <ClInclude Include="include\NeoVoxel\Layer.h">
      <Filter>include\NeoVoxel</Filter>
    </ClInclude>
    <ClInclude Include="include\PCH.h">
      <Filter>include</Filter>
    </ClInclude>
    <ClInclude Include="src\NeoVoxel\Platform\Desktop\FramerateLimiter.h">
      <Filter>src\NeoVoxel\Platform\Desktop</Filter>
    </ClInclude>
    <ClInclude Include="src\NeoVoxel\Platform\Desktop\GlfwInput.h">
      <Filter>src\NeoVoxel\Platform\Desktop</Filter>
    </ClInclude>
    <ClInclude Include="src\NeoVoxel\Platform\Desktop\GlfwWindow.h">
      <Filter>src\NeoVoxel\Platform\Desktop</Filter>
    </ClInclude>
    <ClInclude Include="include\NeoVoxel\Debug\Profile.h" />
    <ClInclude Include="src\NeoVoxel\Platform\Common\BaseLayer.h" />
    <ClInclude Include="include\NeoVoxel\Layer\EventListenerLayer.h" />
    <ClInclude Include="include\NeoVoxel\Graphics\GraphicsApi.h" />
    <ClInclude Include="src\NeoVoxel\Platform\OpenGL\OpenGLGraphicsApi.h" />
    <ClInclude Include="src\NeoVoxel\Platform\OpenGL\OpenGLErrorManagement.h" />
    <ClInclude Include="include\NeoVoxel\Graphics\ArrayBuffer.h" />
    <ClInclude Include="include\NeoVoxel\Graphics\Shader.h" />
    <ClInclude Include="src\NeoVoxel\Platform\OpenGL\OpenGLArrayBuffer.h" />
    <ClInclude Include="src\NeoVoxel\Platform\OpenGL\OpenGLShader.h" />
  </ItemGroup>
  <ItemGroup>
    <ClCompile Include="src\NeoVoxel\Application.cpp">
      <Filter>src\NeoVoxel</Filter>
    </ClCompile>
    <ClCompile Include="src\NeoVoxel\Core\Event.cpp">
      <Filter>src\NeoVoxel\Core</Filter>
    </ClCompile>
    <ClCompile Include="src\NeoVoxel\Core\Event\CursorPositionEvent.cpp">
      <Filter>src\NeoVoxel\Core\Event</Filter>
    </ClCompile>
    <ClCompile Include="src\NeoVoxel\Core\Event\KeyEvent.cpp">
      <Filter>src\NeoVoxel\Core\Event</Filter>
    </ClCompile>
    <ClCompile Include="src\NeoVoxel\Core\Event\MouseButtonEvent.cpp">
      <Filter>src\NeoVoxel\Core\Event</Filter>
    </ClCompile>
    <ClCompile Include="src\NeoVoxel\Core\Event\WindowCloseEvent.cpp">
      <Filter>src\NeoVoxel\Core\Event</Filter>
    </ClCompile>
    <ClCompile Include="src\NeoVoxel\Core\Event\WindowFocusEvent.cpp">
      <Filter>src\NeoVoxel\Core\Event</Filter>
    </ClCompile>
    <ClCompile Include="src\NeoVoxel\Core\Event\WindowSizeEvent.cpp">
      <Filter>src\NeoVoxel\Core\Event</Filter>
    </ClCompile>
    <ClCompile Include="src\NeoVoxel\Core\Input.cpp">
      <Filter>src\NeoVoxel\Core</Filter>
    </ClCompile>
    <ClCompile Include="src\NeoVoxel\Core\Time.cpp">
      <Filter>src\NeoVoxel\Core</Filter>
    </ClCompile>
    <ClCompile Include="src\NeoVoxel\Core\Window.cpp">
      <Filter>src\NeoVoxel\Core</Filter>
    </ClCompile>
    <ClCompile Include="src\NeoVoxel\Layer.cpp">
      <Filter>src\NeoVoxel</Filter>
    </ClCompile>
    <ClCompile Include="src\NeoVoxel\Platform\Desktop\FramerateLimiter.cpp">
      <Filter>src\NeoVoxel\Platform\Desktop</Filter>
    </ClCompile>
    <ClCompile Include="src\NeoVoxel\Platform\Desktop\GlfwInput.cpp">
      <Filter>src\NeoVoxel\Platform\Desktop</Filter>
    </ClCompile>
    <ClCompile Include="src\NeoVoxel\Platform\Desktop\GlfwWindow.cpp">
      <Filter>src\NeoVoxel\Platform\Desktop</Filter>
    </ClCompile>
    <ClCompile Include="src\PCH.cpp">
      <Filter>src</Filter>
    </ClCompile>
    <ClCompile Include="src\NeoVoxel\Debug\Profile.cpp" />
    <ClCompile Include="src\NeoVoxel\Platform\Common\BaseLayer.cpp" />
    <ClCompile Include="src\NeoVoxel\Layer\EventListenerLayer.cpp" />
    <ClCompile Include="src\NeoVoxel\Graphics\GraphicsApi.cpp" />
    <ClCompile Include="src\NeoVoxel\Platform\OpenGL\OpenGLGraphicsApi.cpp" />
    <ClCompile Include="src\NeoVoxel\Graphics\ArrayBuffer.cpp" />
    <ClCompile Include="src\NeoVoxel\Graphics\Shader.cpp" />
    <ClCompile Include="src\NeoVoxel\Platform\OpenGL\OpenGLArrayBuffer.cpp" />
    <ClCompile Include="src\NeoVoxel\Platform\OpenGL\OpenGLShader.cpp" />
  </ItemGroup>
</Project>